# THIS IS AN AUTOGENERATED FILE. DO NOT EDIT THIS FILE DIRECTLY.
# yarn lockfile v1


"@prisma/engines@3.9.0-58.bcc2ff906db47790ee902e7bbc76d7ffb1893009":
  version "3.9.0-58.bcc2ff906db47790ee902e7bbc76d7ffb1893009"
  resolved "https://registry.yarnpkg.com/@prisma/engines/-/engines-3.9.0-58.bcc2ff906db47790ee902e7bbc76d7ffb1893009.tgz#e5c345cdedb7be83d11c1e0c5ab61d866b411256"
  integrity sha512-qM+uJbkelB21bnK44gYE049YTHIjHysOuj0mj5U2gDGyNLfmiazlggzFPCgEjgme4U5YB2tYs6Z5Hq08Kl8pjA==

prisma@^3.9.1:
  version "3.9.1"
  resolved "https://registry.yarnpkg.com/prisma/-/prisma-3.9.1.tgz#7510a8bf06018a5313b9427b1127ce4750b1ce5c"
  integrity sha512-IGcJAu5LzlFv+i+NNhOEh1J1xVVttsVdRBxmrMN7eIH+7mRN6L89Hz1npUAiz4jOpNlHC7n9QwaOYZGxTqlwQw==
  dependencies:
    "@prisma/engines" "3.9.0-58.bcc2ff906db47790ee902e7bbc76d7ffb1893009"
